lockfileVersion: '9.0'

settings:
  autoInstallPeers: true
  excludeLinksFromLockfile: false

importers:

  .:
    dependencies:
      '@ggdna/dna-index':
        specifier: ^0.1.1
        version: 0.1.1
      '@ggdna/dna-install':
        specifier: ^0.1.1
        version: 0.1.1
    devDependencies:
      '@types/node':
        specifier: ^26.6.2
        version: 26.6.2
      prettier:
        specifier: ^3.9.8
        version: 3.9.8

packages:

  '@ggdna/dna-index@0.1.1':
    resolution: {integrity: sha512-Qfm44Wp4ttDOkpuFXZXHOIQU8b8ABOkM+LLLYZogQdxtXxvEUUm6Q/rMqZFei9xsZnt6EWH/QYO/oL14GI2Yyg==}
    engines: {node: '>=22'}

  '@ggdna/dna-install@0.1.1':
    resolution: {integrity: sha512-ATxgky3QUwDDxq5d81zBySMi2tJmPGnti+DZH3C2KhuRcJwuPQFeacDLPiUJKa6F894fPH8E+Jt4mjfj3x60Pg==}
    engines: {node: '>=22'}

  '@types/node@26.6.2':
    resolution: {integrity: sha512-X1P21scMv4zGKLYqjdGjaKa7COa0RKVYYZZN/NfvLQ1JegxFhdhpZG/Lyn8AXx6CDUavKAd11v6BvfpkDByK8g==}

  prettier@3.9.8:
    resolution: {integrity: sha512-WRFq3Wn3WId7LLROfMLdH7xaFr2jR62wU8nLO6rQUOLOxNZUviyJQs1M0iIhLexSFy+L+w0ch66wtoO2jRjG0A==}
    engines: {node: '>=14'}
    hasBin: true

  undici-types@8.9.0:
    resolution: {integrity: sha512-KTDyRTYX8sWmKXAikPHHSyc63CRPETMctyjKFupcC6OBLXT3xsN0e9aF7m+mIXutFWpUXuedtowG7iLOzp0kQg==}

snapshots:

  '@ggdna/dna-index@0.1.1': {}

  '@ggdna/dna-install@0.1.1': {}

  '@types/node@26.6.2':
    dependencies:
      undici-types: 8.9.0

  prettier@3.9.8: {}

  undici-types@8.9.0: {}
