lockfileVersion: '9.0'

settings:
  autoInstallPeers: true
  excludeLinksFromLockfile: false

importers:

  .:
    dependencies:
      '@ggdna/dna-github':
        specifier: ^0.0.3
        version: 0.0.3
      '@ggdna/dna-index':
        specifier: ^0.1.3
        version: 0.1.3
      '@ggdna/dna-install':
        specifier: ^0.1.3
        version: 0.1.3
    devDependencies:
      '@types/node':
        specifier: ^26.6.4
        version: 26.6.4
      prettier:
        specifier: ^3.9.9
        version: 3.9.9

packages:

  '@ggdna/dna-github@0.0.3':
    resolution: {integrity: sha512-t1Cgeq5pVDFkabsOu679nIETyqxVJ+r2Wrgob0kFryMG2lwb1zgB9+8fJ0Bd63Nz4SSmhOA4rSY5fymbL9Rw/w==}
    engines: {node: '>=22'}

  '@ggdna/dna-index@0.1.3':
    resolution: {integrity: sha512-X8ys/hXuw2h9u9e3q8Z9q9ZFK60E8ESsRccSCPI1XyBO630qs9rN9qyUDBQoAJRpbpNg3dVnkwiIS7Py2rqGEg==}
    engines: {node: '>=22'}

  '@ggdna/dna-install@0.1.3':
    resolution: {integrity: sha512-R0/Ei/FgrfMr7v1BKpABwuqsM/FrP8K1e64JgSPAk3EFPnV3Cqp63/FlnGGPB/20XxgpAsmZKuTE2cNY2aRQrA==}
    engines: {node: '>=22'}

  '@types/node@26.6.4':
    resolution: {integrity: sha512-ldVPDCzj7fsaGZrLB0NuHuTvJcsNasysBAqMolr/cgxrLd1xbqxIr3XJiPnHHJUCxj5sNF1vnRj9aWnrVh5Jcg==}

  prettier@3.9.9:
    resolution: {integrity: sha512-Z/CJHIkdujO/OtN7nXUii0Rf3VT5SRuhjBA82Xvu2XhBUgX3nhP67T0LHceBdQLex7OOFGTox+Q5Yg8Jk2Qivg==}
    engines: {node: '>=14'}
    hasBin: true

  undici-types@8.9.0:
    resolution: {integrity: sha512-KTDyRTYX8sWmKXAikPHHSyc63CRPETMctyjKFupcC6OBLXT3xsN0e9aF7m+mIXutFWpUXuedtowG7iLOzp0kQg==}

snapshots:

  '@ggdna/dna-github@0.0.3': {}

  '@ggdna/dna-index@0.1.3': {}

  '@ggdna/dna-install@0.1.3': {}

  '@types/node@26.6.4':
    dependencies:
      undici-types: 8.9.0

  prettier@3.9.9: {}

  undici-types@8.9.0: {}
