lockfileVersion: '9.0'

settings:
  autoInstallPeers: true
  excludeLinksFromLockfile: false

importers:

  .:
    dependencies:
      '@ggdna/dna-index':
        specifier: ^0.1.2
        version: 0.1.2
      '@ggdna/dna-install':
        specifier: ^0.1.2
        version: 0.1.2
    devDependencies:
      '@types/node':
        specifier: ^26.6.3
        version: 26.6.3
      prettier:
        specifier: ^3.9.9
        version: 3.9.9

packages:

  '@ggdna/dna-index@0.1.2':
    resolution: {integrity: sha512-uj7kWBhaicZqWzXRk9lXrWUdPjOg4ZMGk1FadzQfYm7ZbH3iwATJX41ukqpHLmLgDtPyYh+NjIGF8k3VNxmHxA==}
    engines: {node: '>=22'}

  '@ggdna/dna-install@0.1.2':
    resolution: {integrity: sha512-QsBtZiT95EE6+XLX+0Cm9GevBmljqiiXQBw4Ki0R5s5R6eWRM3eNUJhF5kaHms/mcvUjvo/TpHJwPevxt73UJw==}
    engines: {node: '>=22'}

  '@types/node@26.6.3':
    resolution: {integrity: sha512-dsqMQQoeTLqu9wynDD00q573mNzso3IdQOAfHRJqLCcmCFPoGo9A1bDpUcv/9tnKpErQWv9uKeGfl37EIS02Yg==}

  prettier@3.9.9:
    resolution: {integrity: sha512-Z/CJHIkdujO/OtN7nXUii0Rf3VT5SRuhjBA82Xvu2XhBUgX3nhP67T0LHceBdQLex7OOFGTox+Q5Yg8Jk2Qivg==}
    engines: {node: '>=14'}
    hasBin: true

  undici-types@8.9.0:
    resolution: {integrity: sha512-KTDyRTYX8sWmKXAikPHHSyc63CRPETMctyjKFupcC6OBLXT3xsN0e9aF7m+mIXutFWpUXuedtowG7iLOzp0kQg==}

snapshots:

  '@ggdna/dna-index@0.1.2': {}

  '@ggdna/dna-install@0.1.2': {}

  '@types/node@26.6.3':
    dependencies:
      undici-types: 8.9.0

  prettier@3.9.9: {}

  undici-types@8.9.0: {}
